
Microsoft Visual Studio Solution File, Format Version 12.00
# Visual Studio 2013
VisualStudioVersion = 12.0.21005.1
MinimumVisualStudioVersion = 10.0.40219.1
Project("{FAE04EC0-301F-11D3-BF4B-00C04F79EFBC}") = "Entidades", "Entidades\Entidades.csproj", "{A4661C99-006F-4AA2-819F-E9ADBB4411E4}"
EndProject
Project("{FAE04EC0-301F-11D3-BF4B-00C04F79EFBC}") = "CapaLogica", "CapaLogica\CapaLogica.csproj", "{F54B798E-9A68-4704-913F-5BADC786DA30}"
EndProject
Project("{FAE04EC0-301F-11D3-BF4B-00C04F79EFBC}") = "CapaPersistencia", "CapaPersistencia\CapaPersistencia.csproj", "{404CB00B-C4C9-4E47-B9D8-71F5943692AA}"
EndProject
Project("{E24C65DC-7377-472B-9ABA-BC803B73C61A}") = "SitioWeb", "http://localhost:54971", "{27CD7C5A-D0F5-4517-84DE-A6C62552C460}"
	ProjectSection(WebsiteProperties) = preProject
		UseIISExpress = "true"
		TargetFrameworkMoniker = ".NETFramework,Version%3Dv4.5"
		ProjectReferences = "{f54b798e-9a68-4704-913f-5badc786da30}|CapaLogica.dll;{a4661c99-006f-4aa2-819f-e9adbb4411e4}|Entidades.dll;{404CB00B-C4C9-4E47-B9D8-71F5943692AA}|CapaPersistencia.dll;"
		Debug.AspNetCompiler.VirtualPath = "/localhost_54971"
		Debug.AspNetCompiler.PhysicalPath = "SitioWeb\"
		Debug.AspNetCompiler.TargetPath = "PrecompiledWeb\localhost_54971\"
		Debug.AspNetCompiler.Updateable = "true"
		Debug.AspNetCompiler.ForceOverwrite = "true"
		Debug.AspNetCompiler.FixedNames = "false"
		Debug.AspNetCompiler.Debug = "True"
		Release.AspNetCompiler.VirtualPath = "/localhost_54971"
		Release.AspNetCompiler.PhysicalPath = "SitioWeb\"
		Release.AspNetCompiler.TargetPath = "PrecompiledWeb\localhost_54971\"
		Release.AspNetCompiler.Updateable = "true"
		Release.AspNetCompiler.ForceOverwrite = "true"
		Release.AspNetCompiler.FixedNames = "false"
		Release.AspNetCompiler.Debug = "False"
		SlnRelativePath = "SitioWeb\"
		DefaultWebSiteLanguage = "Visual C#"
	EndProjectSection
EndProject
Global
	GlobalSection(SolutionConfigurationPlatforms) = preSolution
		Debug|Any CPU = Debug|Any CPU
		Release|Any CPU = Release|Any CPU
	EndGlobalSection
	GlobalSection(ProjectConfigurationPlatforms) = postSolution
		{A4661C99-006F-4AA2-819F-E9ADBB4411E4}.Debug|Any CPU.ActiveCfg = Debug|Any CPU
		{A4661C99-006F-4AA2-819F-E9ADBB4411E4}.Debug|Any CPU.Build.0 = Debug|Any CPU
		{A4661C99-006F-4AA2-819F-E9ADBB4411E4}.Release|Any CPU.ActiveCfg = Release|Any CPU
		{A4661C99-006F-4AA2-819F-E9ADBB4411E4}.Release|Any CPU.Build.0 = Release|Any CPU
		{F54B798E-9A68-4704-913F-5BADC786DA30}.Debug|Any CPU.ActiveCfg = Debug|Any CPU
		{F54B798E-9A68-4704-913F-5BADC786DA30}.Debug|Any CPU.Build.0 = Debug|Any CPU
		{F54B798E-9A68-4704-913F-5BADC786DA30}.Release|Any CPU.ActiveCfg = Release|Any CPU
		{F54B798E-9A68-4704-913F-5BADC786DA30}.Release|Any CPU.Build.0 = Release|Any CPU
		{404CB00B-C4C9-4E47-B9D8-71F5943692AA}.Debug|Any CPU.ActiveCfg = Debug|Any CPU
		{404CB00B-C4C9-4E47-B9D8-71F5943692AA}.Debug|Any CPU.Build.0 = Debug|Any CPU
		{404CB00B-C4C9-4E47-B9D8-71F5943692AA}.Release|Any CPU.ActiveCfg = Release|Any CPU
		{404CB00B-C4C9-4E47-B9D8-71F5943692AA}.Release|Any CPU.Build.0 = Release|Any CPU
		{27CD7C5A-D0F5-4517-84DE-A6C62552C460}.Debug|Any CPU.ActiveCfg = Debug|Any CPU
		{27CD7C5A-D0F5-4517-84DE-A6C62552C460}.Debug|Any CPU.Build.0 = Debug|Any CPU
		{27CD7C5A-D0F5-4517-84DE-A6C62552C460}.Release|Any CPU.ActiveCfg = Debug|Any CPU
		{27CD7C5A-D0F5-4517-84DE-A6C62552C460}.Release|Any CPU.Build.0 = Debug|Any CPU
	EndGlobalSection
	GlobalSection(SolutionProperties) = preSolution
		HideSolutionNode = FALSE
	EndGlobalSection
EndGlobal
